
Microsoft Visual Studio Solution File, Format Version 12.00
# Visual Studio 14
VisualStudioVersion = 14.0.25123.0
MinimumVisualStudioVersion = 10.0.40219.1
Project("{FAE04EC0-301F-11D3-BF4B-00C04F79EFBC}") = "DddInPractice.Tests", "DddInPractice.Tests\DddInPractice.Tests.csproj", "{ABC30745-06BE-4079-8592-74DC436FF64B}"
EndProject
Project("{FAE04EC0-301F-11D3-BF4B-00C04F79EFBC}") = "DddInPractice.UI", "DddInPractice.UI\DddInPractice.UI.csproj", "{C6B314FB-01B1-4399-9B5A-BDCD84369096}"
EndProject
Project("{FAE04EC0-301F-11D3-BF4B-00C04F79EFBC}") = "DddInPractice.Logic", "DddInPractice.Logic\DddInPractice.Logic.csproj", "{A84926C6-08EC-4FED-9980-6273404B115D}"
EndProject
Global
	GlobalSection(SolutionConfigurationPlatforms) = preSolution
		Debug|Any CPU = Debug|Any CPU
		Release|Any CPU = Release|Any CPU
	EndGlobalSection
	GlobalSection(ProjectConfigurationPlatforms) = postSolution
		{ABC30745-06BE-4079-8592-74DC436FF64B}.Debug|Any CPU.ActiveCfg = Debug|Any CPU
		{ABC30745-06BE-4079-8592-74DC436FF64B}.Debug|Any CPU.Build.0 = Debug|Any CPU
		{ABC30745-06BE-4079-8592-74DC436FF64B}.Release|Any CPU.ActiveCfg = Release|Any CPU
		{ABC30745-06BE-4079-8592-74DC436FF64B}.Release|Any CPU.Build.0 = Release|Any CPU
		{C6B314FB-01B1-4399-9B5A-BDCD84369096}.Debug|Any CPU.ActiveCfg = Debug|Any CPU
		{C6B314FB-01B1-4399-9B5A-BDCD84369096}.Debug|Any CPU.Build.0 = Debug|Any CPU
		{C6B314FB-01B1-4399-9B5A-BDCD84369096}.Release|Any CPU.ActiveCfg = Release|Any CPU
		{C6B314FB-01B1-4399-9B5A-BDCD84369096}.Release|Any CPU.Build.0 = Release|Any CPU
		{A84926C6-08EC-4FED-9980-6273404B115D}.Debug|Any CPU.ActiveCfg = Debug|Any CPU
		{A84926C6-08EC-4FED-9980-6273404B115D}.Debug|Any CPU.Build.0 = Debug|Any CPU
		{A84926C6-08EC-4FED-9980-6273404B115D}.Release|Any CPU.ActiveCfg = Release|Any CPU
		{A84926C6-08EC-4FED-9980-6273404B115D}.Release|Any CPU.Build.0 = Release|Any CPU
	EndGlobalSection
	GlobalSection(SolutionProperties) = preSolution
		HideSolutionNode = FALSE
	EndGlobalSection
EndGlobal
